
Microsoft Visual Studio Solution File, Format Version 12.00
# Visual Studio Version 17
VisualStudioVersion = 17.7.34031.279
MinimumVisualStudioVersion = 10.0.40219.1
Project("{FAE04EC0-301F-11D3-BF4B-00C04F79EFBC}") = "Alt-Amators", "Alt-Amators.csproj", "{032DAD95-CA48-45D8-81A3-EBFB9FC30871}"
EndProject
Global
	GlobalSection(SolutionConfigurationPlatforms) = preSolution
		Debug|Any CPU = Debug|Any CPU
		Release|Any CPU = Release|Any CPU
	EndGlobalSection
	GlobalSection(ProjectConfigurationPlatforms) = postSolution
		{032DAD95-CA48-45D8-81A3-EBFB9FC30871}.Debug|Any CPU.ActiveCfg = Debug|Any CPU
		{032DAD95-CA48-45D8-81A3-EBFB9FC30871}.Debug|Any CPU.Build.0 = Debug|Any CPU
		{032DAD95-CA48-45D8-81A3-EBFB9FC30871}.Release|Any CPU.ActiveCfg = Release|Any CPU
		{032DAD95-CA48-45D8-81A3-EBFB9FC30871}.Release|Any CPU.Build.0 = Release|Any CPU
	EndGlobalSection
	GlobalSection(SolutionProperties) = preSolution
		HideSolutionNode = FALSE
	EndGlobalSection
	GlobalSection(ExtensibilityGlobals) = postSolution
		SolutionGuid = {AD97C2F6-1256-4136-923A-815E36CC4BCB}
	EndGlobalSection
EndGlobal
